
Microsoft Visual Studio Solution File, Format Version 12.00
# Visual Studio Version 16
VisualStudioVersion = 16.0.29806.167
MinimumVisualStudioVersion = 10.0.40219.1
Project("{FAE04EC0-301F-11D3-BF4B-00C04F79EFBC}") = "BarCodeAndThemes.Android", "BarCodeAndThemes.Android\BarCodeAndThemes.Android.csproj", "{ABE5F413-4BE3-4312-A3BF-49D7E8A339B0}"
EndProject
Project("{FAE04EC0-301F-11D3-BF4B-00C04F79EFBC}") = "BarCodeAndThemes.iOS", "BarCodeAndThemes.iOS\BarCodeAndThemes.iOS.csproj", "{F5345DB4-2FE3-493B-8644-45DF69000BAE}"
EndProject
Project("{FAE04EC0-301F-11D3-BF4B-00C04F79EFBC}") = "BarCodeAndThemes", "BarCodeAndThemes\BarCodeAndThemes.csproj", "{21DA81AC-E638-4B7D-89C5-C903BEA04891}"
EndProject
Global
	GlobalSection(SolutionConfigurationPlatforms) = preSolution
		Debug|Any CPU = Debug|Any CPU
		Debug|iPhone = Debug|iPhone
		Debug|iPhoneSimulator = Debug|iPhoneSimulator
		Release|Any CPU = Release|Any CPU
		Release|iPhone = Release|iPhone
		Release|iPhoneSimulator = Release|iPhoneSimulator
	EndGlobalSection
	GlobalSection(ProjectConfigurationPlatforms) = postSolution
		{ABE5F413-4BE3-4312-A3BF-49D7E8A339B0}.Debug|Any CPU.ActiveCfg = Debug|Any CPU
		{ABE5F413-4BE3-4312-A3BF-49D7E8A339B0}.Debug|Any CPU.Build.0 = Debug|Any CPU
		{ABE5F413-4BE3-4312-A3BF-49D7E8A339B0}.Debug|Any CPU.Deploy.0 = Debug|Any CPU
		{ABE5F413-4BE3-4312-A3BF-49D7E8A339B0}.Debug|iPhone.ActiveCfg = Debug|Any CPU
		{ABE5F413-4BE3-4312-A3BF-49D7E8A339B0}.Debug|iPhone.Build.0 = Debug|Any CPU
		{ABE5F413-4BE3-4312-A3BF-49D7E8A339B0}.Debug|iPhone.Deploy.0 = Debug|Any CPU
		{ABE5F413-4BE3-4312-A3BF-49D7E8A339B0}.Debug|iPhoneSimulator.ActiveCfg = Debug|Any CPU
		{ABE5F413-4BE3-4312-A3BF-49D7E8A339B0}.Debug|iPhoneSimulator.Build.0 = Debug|Any CPU
		{ABE5F413-4BE3-4312-A3BF-49D7E8A339B0}.Debug|iPhoneSimulator.Deploy.0 = Debug|Any CPU
		{ABE5F413-4BE3-4312-A3BF-49D7E8A339B0}.Release|Any CPU.ActiveCfg = Release|Any CPU
		{ABE5F413-4BE3-4312-A3BF-49D7E8A339B0}.Release|Any CPU.Build.0 = Release|Any CPU
		{ABE5F413-4BE3-4312-A3BF-49D7E8A339B0}.Release|Any CPU.Deploy.0 = Release|Any CPU
		{ABE5F413-4BE3-4312-A3BF-49D7E8A339B0}.Release|iPhone.ActiveCfg = Release|Any CPU
		{ABE5F413-4BE3-4312-A3BF-49D7E8A339B0}.Release|iPhone.Build.0 = Release|Any CPU
		{ABE5F413-4BE3-4312-A3BF-49D7E8A339B0}.Release|iPhone.Deploy.0 = Release|Any CPU
		{ABE5F413-4BE3-4312-A3BF-49D7E8A339B0}.Release|iPhoneSimulator.ActiveCfg = Release|Any CPU
		{ABE5F413-4BE3-4312-A3BF-49D7E8A339B0}.Release|iPhoneSimulator.Build.0 = Release|Any CPU
		{ABE5F413-4BE3-4312-A3BF-49D7E8A339B0}.Release|iPhoneSimulator.Deploy.0 = Release|Any CPU
		{F5345DB4-2FE3-493B-8644-45DF69000BAE}.Debug|Any CPU.ActiveCfg = Debug|iPhoneSimulator
		{F5345DB4-2FE3-493B-8644-45DF69000BAE}.Debug|Any CPU.Build.0 = Debug|iPhoneSimulator
		{F5345DB4-2FE3-493B-8644-45DF69000BAE}.Debug|Any CPU.Deploy.0 = Debug|iPhoneSimulator
		{F5345DB4-2FE3-493B-8644-45DF69000BAE}.Debug|iPhone.ActiveCfg = Debug|iPhone
		{F5345DB4-2FE3-493B-8644-45DF69000BAE}.Debug|iPhone.Build.0 = Debug|iPhone
		{F5345DB4-2FE3-493B-8644-45DF69000BAE}.Debug|iPhone.Deploy.0 = Debug|iPhone
		{F5345DB4-2FE3-493B-8644-45DF69000BAE}.Debug|iPhoneSimulator.ActiveCfg = Debug|iPhoneSimulator
		{F5345DB4-2FE3-493B-8644-45DF69000BAE}.Debug|iPhoneSimulator.Build.0 = Debug|iPhoneSimulator
		{F5345DB4-2FE3-493B-8644-45DF69000BAE}.Debug|iPhoneSimulator.Deploy.0 = Debug|iPhoneSimulator
		{F5345DB4-2FE3-493B-8644-45DF69000BAE}.Release|Any CPU.ActiveCfg = Release|iPhone
		{F5345DB4-2FE3-493B-8644-45DF69000BAE}.Release|Any CPU.Build.0 = Release|iPhone
		{F5345DB4-2FE3-493B-8644-45DF69000BAE}.Release|Any CPU.Deploy.0 = Release|iPhone
		{F5345DB4-2FE3-493B-8644-45DF69000BAE}.Release|iPhone.ActiveCfg = Release|iPhone
		{F5345DB4-2FE3-493B-8644-45DF69000BAE}.Release|iPhone.Build.0 = Release|iPhone
		{F5345DB4-2FE3-493B-8644-45DF69000BAE}.Release|iPhone.Deploy.0 = Release|iPhone
		{F5345DB4-2FE3-493B-8644-45DF69000BAE}.Release|iPhoneSimulator.ActiveCfg = Release|iPhoneSimulator
		{F5345DB4-2FE3-493B-8644-45DF69000BAE}.Release|iPhoneSimulator.Build.0 = Release|iPhoneSimulator
		{F5345DB4-2FE3-493B-8644-45DF69000BAE}.Release|iPhoneSimulator.Deploy.0 = Release|iPhoneSimulator
		{21DA81AC-E638-4B7D-89C5-C903BEA04891}.Debug|Any CPU.ActiveCfg = Debug|Any CPU
		{21DA81AC-E638-4B7D-89C5-C903BEA04891}.Debug|Any CPU.Build.0 = Debug|Any CPU
		{21DA81AC-E638-4B7D-89C5-C903BEA04891}.Debug|Any CPU.Deploy.0 = Debug|Any CPU
		{21DA81AC-E638-4B7D-89C5-C903BEA04891}.Debug|iPhone.ActiveCfg = Debug|Any CPU
		{21DA81AC-E638-4B7D-89C5-C903BEA04891}.Debug|iPhone.Build.0 = Debug|Any CPU
		{21DA81AC-E638-4B7D-89C5-C903BEA04891}.Debug|iPhone.Deploy.0 = Debug|Any CPU
		{21DA81AC-E638-4B7D-89C5-C903BEA04891}.Debug|iPhoneSimulator.ActiveCfg = Debug|Any CPU
		{21DA81AC-E638-4B7D-89C5-C903BEA04891}.Debug|iPhoneSimulator.Build.0 = Debug|Any CPU
		{21DA81AC-E638-4B7D-89C5-C903BEA04891}.Debug|iPhoneSimulator.Deploy.0 = Debug|Any CPU
		{21DA81AC-E638-4B7D-89C5-C903BEA04891}.Release|Any CPU.ActiveCfg = Release|Any CPU
		{21DA81AC-E638-4B7D-89C5-C903BEA04891}.Release|Any CPU.Build.0 = Release|Any CPU
		{21DA81AC-E638-4B7D-89C5-C903BEA04891}.Release|Any CPU.Deploy.0 = Release|Any CPU
		{21DA81AC-E638-4B7D-89C5-C903BEA04891}.Release|iPhone.ActiveCfg = Release|Any CPU
		{21DA81AC-E638-4B7D-89C5-C903BEA04891}.Release|iPhone.Build.0 = Release|Any CPU
		{21DA81AC-E638-4B7D-89C5-C903BEA04891}.Release|iPhone.Deploy.0 = Release|Any CPU
		{21DA81AC-E638-4B7D-89C5-C903BEA04891}.Release|iPhoneSimulator.ActiveCfg = Release|Any CPU
		{21DA81AC-E638-4B7D-89C5-C903BEA04891}.Release|iPhoneSimulator.Build.0 = Release|Any CPU
		{21DA81AC-E638-4B7D-89C5-C903BEA04891}.Release|iPhoneSimulator.Deploy.0 = Release|Any CPU
	EndGlobalSection
	GlobalSection(SolutionProperties) = preSolution
		HideSolutionNode = FALSE
	EndGlobalSection
	GlobalSection(ExtensibilityGlobals) = postSolution
		SolutionGuid = {D59674A4-9DED-4FBE-BA6C-BAB1A197C3D9}
	EndGlobalSection
EndGlobal
